
Microsoft Visual Studio Solution File, Format Version 12.00
# Visual Studio Version 17
VisualStudioVersion = 17.7.34024.191
MinimumVisualStudioVersion = 10.0.40219.1
Project("{FAE04EC0-301F-11D3-BF4B-00C04F79EFBC}") = "Family_Manager", "Family_Manager\Family_Manager.csproj", "{E254F525-A8A9-45DE-890A-0254F23DC855}"
EndProject
Global
	GlobalSection(SolutionConfigurationPlatforms) = preSolution
		Debug|Any CPU = Debug|Any CPU
		Release|Any CPU = Release|Any CPU
	EndGlobalSection
	GlobalSection(ProjectConfigurationPlatforms) = postSolution
		{E254F525-A8A9-45DE-890A-0254F23DC855}.Debug|Any CPU.ActiveCfg = Debug|Any CPU
		{E254F525-A8A9-45DE-890A-0254F23DC855}.Debug|Any CPU.Build.0 = Debug|Any CPU
		{E254F525-A8A9-45DE-890A-0254F23DC855}.Release|Any CPU.ActiveCfg = Release|Any CPU
		{E254F525-A8A9-45DE-890A-0254F23DC855}.Release|Any CPU.Build.0 = Release|Any CPU
	EndGlobalSection
	GlobalSection(SolutionProperties) = preSolution
		HideSolutionNode = FALSE
	EndGlobalSection
	GlobalSection(ExtensibilityGlobals) = postSolution
		SolutionGuid = {B23DBA81-A248-43EC-9E2F-A91EB5BA4C39}
	EndGlobalSection
EndGlobal
